
Microsoft Visual Studio Solution File, Format Version 12.00
# Visual Studio 15
VisualStudioVersion = 15.0.26403.3
MinimumVisualStudioVersion = 10.0.40219.1
Project("{FAE04EC0-301F-11D3-BF4B-00C04F79EFBC}") = "p01.RemoveElementsOddPositions", "p01.RemoveElementsOddPositions\p01.RemoveElementsOddPositions.csproj", "{DF167C28-FDCF-472C-BB7B-62FBC282E134}"
EndProject
Project("{FAE04EC0-301F-11D3-BF4B-00C04F79EFBC}") = "p02.TrackDownloader", "p02.TrackDownloader\p02.TrackDownloader.csproj", "{4729CC61-28D3-486B-AFC5-3B35BA96109B}"
EndProject
Global
	GlobalSection(SolutionConfigurationPlatforms) = preSolution
		Debug|Any CPU = Debug|Any CPU
		Release|Any CPU = Release|Any CPU
	EndGlobalSection
	GlobalSection(ProjectConfigurationPlatforms) = postSolution
		{DF167C28-FDCF-472C-BB7B-62FBC282E134}.Debug|Any CPU.ActiveCfg = Debug|Any CPU
		{DF167C28-FDCF-472C-BB7B-62FBC282E134}.Debug|Any CPU.Build.0 = Debug|Any CPU
		{DF167C28-FDCF-472C-BB7B-62FBC282E134}.Release|Any CPU.ActiveCfg = Release|Any CPU
		{DF167C28-FDCF-472C-BB7B-62FBC282E134}.Release|Any CPU.Build.0 = Release|Any CPU
		{4729CC61-28D3-486B-AFC5-3B35BA96109B}.Debug|Any CPU.ActiveCfg = Debug|Any CPU
		{4729CC61-28D3-486B-AFC5-3B35BA96109B}.Debug|Any CPU.Build.0 = Debug|Any CPU
		{4729CC61-28D3-486B-AFC5-3B35BA96109B}.Release|Any CPU.ActiveCfg = Release|Any CPU
		{4729CC61-28D3-486B-AFC5-3B35BA96109B}.Release|Any CPU.Build.0 = Release|Any CPU
	EndGlobalSection
	GlobalSection(SolutionProperties) = preSolution
		HideSolutionNode = FALSE
	EndGlobalSection
EndGlobal
