
Microsoft Visual Studio Solution File, Format Version 12.00
# Visual Studio 15
VisualStudioVersion = 15.0.26403.3
MinimumVisualStudioVersion = 10.0.40219.1
Project("{FAE04EC0-301F-11D3-BF4B-00C04F79EFBC}") = "p01.RemoveElementsOddPositions", "p01.RemoveElementsOddPositions\p01.RemoveElementsOddPositions.csproj", "{DF167C28-FDCF-472C-BB7B-62FBC282E134}"
EndProject
Project("{FAE04EC0-301F-11D3-BF4B-00C04F79EFBC}") = "p02.TrackDownloader", "p02.TrackDownloader\p02.TrackDownloader.csproj", "{4729CC61-28D3-486B-AFC5-3B35BA96109B}"
EndProject
Project("{FAE04EC0-301F-11D3-BF4B-00C04F79EFBC}") = "p03.EqualSumAfterExtraction", "p03.EqualSumAfterExtraction\p03.EqualSumAfterExtraction.csproj", "{E03876F3-A43B-448A-8552-5385A74C59FE}"
EndProject
Project("{FAE04EC0-301F-11D3-BF4B-00C04F79EFBC}") = "p04.FlipListSides", "p04.FlipListSides\p04.FlipListSides.csproj", "{97E5DDF8-62F9-4645-9E4E-0F31875B546D}"
EndProject
Project("{FAE04EC0-301F-11D3-BF4B-00C04F79EFBC}") = "Temp", "Temp\Temp.csproj", "{88DEB367-A0EA-4801-8EF6-D442117BAA16}"
EndProject
Project("{FAE04EC0-301F-11D3-BF4B-00C04F79EFBC}") = "p05.TearListHalf", "p05.TearListHalf\p05.TearListHalf.csproj", "{B50643C3-8A57-4DA2-9B82-995915D93EFD}"
EndProject
Project("{FAE04EC0-301F-11D3-BF4B-00C04F79EFBC}") = "p06.StuckZipper", "p06.StuckZipper\p06.StuckZipper.csproj", "{C41FC37E-73BE-41D8-8938-3272224D0088}"
EndProject
Global
	GlobalSection(SolutionConfigurationPlatforms) = preSolution
		Debug|Any CPU = Debug|Any CPU
		Release|Any CPU = Release|Any CPU
	EndGlobalSection
	GlobalSection(ProjectConfigurationPlatforms) = postSolution
		{DF167C28-FDCF-472C-BB7B-62FBC282E134}.Debug|Any CPU.ActiveCfg = Debug|Any CPU
		{DF167C28-FDCF-472C-BB7B-62FBC282E134}.Debug|Any CPU.Build.0 = Debug|Any CPU
		{DF167C28-FDCF-472C-BB7B-62FBC282E134}.Release|Any CPU.ActiveCfg = Release|Any CPU
		{DF167C28-FDCF-472C-BB7B-62FBC282E134}.Release|Any CPU.Build.0 = Release|Any CPU
		{4729CC61-28D3-486B-AFC5-3B35BA96109B}.Debug|Any CPU.ActiveCfg = Debug|Any CPU
		{4729CC61-28D3-486B-AFC5-3B35BA96109B}.Debug|Any CPU.Build.0 = Debug|Any CPU
		{4729CC61-28D3-486B-AFC5-3B35BA96109B}.Release|Any CPU.ActiveCfg = Release|Any CPU
		{4729CC61-28D3-486B-AFC5-3B35BA96109B}.Release|Any CPU.Build.0 = Release|Any CPU
		{E03876F3-A43B-448A-8552-5385A74C59FE}.Debug|Any CPU.ActiveCfg = Debug|Any CPU
		{E03876F3-A43B-448A-8552-5385A74C59FE}.Debug|Any CPU.Build.0 = Debug|Any CPU
		{E03876F3-A43B-448A-8552-5385A74C59FE}.Release|Any CPU.ActiveCfg = Release|Any CPU
		{E03876F3-A43B-448A-8552-5385A74C59FE}.Release|Any CPU.Build.0 = Release|Any CPU
		{97E5DDF8-62F9-4645-9E4E-0F31875B546D}.Debug|Any CPU.ActiveCfg = Debug|Any CPU
		{97E5DDF8-62F9-4645-9E4E-0F31875B546D}.Debug|Any CPU.Build.0 = Debug|Any CPU
		{97E5DDF8-62F9-4645-9E4E-0F31875B546D}.Release|Any CPU.ActiveCfg = Release|Any CPU
		{97E5DDF8-62F9-4645-9E4E-0F31875B546D}.Release|Any CPU.Build.0 = Release|Any CPU
		{88DEB367-A0EA-4801-8EF6-D442117BAA16}.Debug|Any CPU.ActiveCfg = Debug|Any CPU
		{88DEB367-A0EA-4801-8EF6-D442117BAA16}.Debug|Any CPU.Build.0 = Debug|Any CPU
		{88DEB367-A0EA-4801-8EF6-D442117BAA16}.Release|Any CPU.ActiveCfg = Release|Any CPU
		{88DEB367-A0EA-4801-8EF6-D442117BAA16}.Release|Any CPU.Build.0 = Release|Any CPU
		{B50643C3-8A57-4DA2-9B82-995915D93EFD}.Debug|Any CPU.ActiveCfg = Debug|Any CPU
		{B50643C3-8A57-4DA2-9B82-995915D93EFD}.Debug|Any CPU.Build.0 = Debug|Any CPU
		{B50643C3-8A57-4DA2-9B82-995915D93EFD}.Release|Any CPU.ActiveCfg = Release|Any CPU
		{B50643C3-8A57-4DA2-9B82-995915D93EFD}.Release|Any CPU.Build.0 = Release|Any CPU
		{C41FC37E-73BE-41D8-8938-3272224D0088}.Debug|Any CPU.ActiveCfg = Debug|Any CPU
		{C41FC37E-73BE-41D8-8938-3272224D0088}.Debug|Any CPU.Build.0 = Debug|Any CPU
		{C41FC37E-73BE-41D8-8938-3272224D0088}.Release|Any CPU.ActiveCfg = Release|Any CPU
		{C41FC37E-73BE-41D8-8938-3272224D0088}.Release|Any CPU.Build.0 = Release|Any CPU
	EndGlobalSection
	GlobalSection(SolutionProperties) = preSolution
		HideSolutionNode = FALSE
	EndGlobalSection
EndGlobal
