
Microsoft Visual Studio Solution File, Format Version 12.00
# Visual Studio 15
VisualStudioVersion = 15.0.26403.3
MinimumVisualStudioVersion = 10.0.40219.1
Project("{FAE04EC0-301F-11D3-BF4B-00C04F79EFBC}") = "p01.ArrayData", "p01.ArrayData\p01.ArrayData.csproj", "{7146ECE0-27A0-4889-AF26-A94F4A56DE0D}"
EndProject
Project("{FAE04EC0-301F-11D3-BF4B-00C04F79EFBC}") = "p02.StringDecryption", "p02.StringDecryption\p02.StringDecryption.csproj", "{BD8A2E50-330B-4897-950C-A2F3F260BA0C}"
EndProject
Project("{FAE04EC0-301F-11D3-BF4B-00C04F79EFBC}") = "p04.MostValuedCustomer", "p04.MostValuedCustomer\p04.MostValuedCustomer.csproj", "{0F0F113E-F5B1-42BA-8B0D-5F68AC92C8E0}"
EndProject
Project("{FAE04EC0-301F-11D3-BF4B-00C04F79EFBC}") = "p03.Camping", "p03.Camping\p03.Camping.csproj", "{ED0AA125-56AC-4B50-8BD9-F83BEE249E8E}"
EndProject
Project("{FAE04EC0-301F-11D3-BF4B-00C04F79EFBC}") = "p05.LambadaExpressions", "p05.LambadaExpressions\p05.LambadaExpressions.csproj", "{B1D348FB-3957-4F6F-9DDE-3B158220B250}"
EndProject
Project("{FAE04EC0-301F-11D3-BF4B-00C04F79EFBC}") = "p06.OrderedBankingSystem", "p06.OrderedBankingSystem\p06.OrderedBankingSystem.csproj", "{4A64F77C-9E62-4649-8557-05586C5C90D9}"
EndProject
Project("{FAE04EC0-301F-11D3-BF4B-00C04F79EFBC}") = "p00.Tets", "p00.Tets\p00.Tets.csproj", "{14B34976-DBD0-49A8-91D7-20DC76F639D8}"
EndProject
Global
	GlobalSection(SolutionConfigurationPlatforms) = preSolution
		Debug|Any CPU = Debug|Any CPU
		Release|Any CPU = Release|Any CPU
	EndGlobalSection
	GlobalSection(ProjectConfigurationPlatforms) = postSolution
		{7146ECE0-27A0-4889-AF26-A94F4A56DE0D}.Debug|Any CPU.ActiveCfg = Debug|Any CPU
		{7146ECE0-27A0-4889-AF26-A94F4A56DE0D}.Debug|Any CPU.Build.0 = Debug|Any CPU
		{7146ECE0-27A0-4889-AF26-A94F4A56DE0D}.Release|Any CPU.ActiveCfg = Release|Any CPU
		{7146ECE0-27A0-4889-AF26-A94F4A56DE0D}.Release|Any CPU.Build.0 = Release|Any CPU
		{BD8A2E50-330B-4897-950C-A2F3F260BA0C}.Debug|Any CPU.ActiveCfg = Debug|Any CPU
		{BD8A2E50-330B-4897-950C-A2F3F260BA0C}.Debug|Any CPU.Build.0 = Debug|Any CPU
		{BD8A2E50-330B-4897-950C-A2F3F260BA0C}.Release|Any CPU.ActiveCfg = Release|Any CPU
		{BD8A2E50-330B-4897-950C-A2F3F260BA0C}.Release|Any CPU.Build.0 = Release|Any CPU
		{0F0F113E-F5B1-42BA-8B0D-5F68AC92C8E0}.Debug|Any CPU.ActiveCfg = Debug|Any CPU
		{0F0F113E-F5B1-42BA-8B0D-5F68AC92C8E0}.Debug|Any CPU.Build.0 = Debug|Any CPU
		{0F0F113E-F5B1-42BA-8B0D-5F68AC92C8E0}.Release|Any CPU.ActiveCfg = Release|Any CPU
		{0F0F113E-F5B1-42BA-8B0D-5F68AC92C8E0}.Release|Any CPU.Build.0 = Release|Any CPU
		{ED0AA125-56AC-4B50-8BD9-F83BEE249E8E}.Debug|Any CPU.ActiveCfg = Debug|Any CPU
		{ED0AA125-56AC-4B50-8BD9-F83BEE249E8E}.Debug|Any CPU.Build.0 = Debug|Any CPU
		{ED0AA125-56AC-4B50-8BD9-F83BEE249E8E}.Release|Any CPU.ActiveCfg = Release|Any CPU
		{ED0AA125-56AC-4B50-8BD9-F83BEE249E8E}.Release|Any CPU.Build.0 = Release|Any CPU
		{B1D348FB-3957-4F6F-9DDE-3B158220B250}.Debug|Any CPU.ActiveCfg = Debug|Any CPU
		{B1D348FB-3957-4F6F-9DDE-3B158220B250}.Debug|Any CPU.Build.0 = Debug|Any CPU
		{B1D348FB-3957-4F6F-9DDE-3B158220B250}.Release|Any CPU.ActiveCfg = Release|Any CPU
		{B1D348FB-3957-4F6F-9DDE-3B158220B250}.Release|Any CPU.Build.0 = Release|Any CPU
		{4A64F77C-9E62-4649-8557-05586C5C90D9}.Debug|Any CPU.ActiveCfg = Debug|Any CPU
		{4A64F77C-9E62-4649-8557-05586C5C90D9}.Debug|Any CPU.Build.0 = Debug|Any CPU
		{4A64F77C-9E62-4649-8557-05586C5C90D9}.Release|Any CPU.ActiveCfg = Release|Any CPU
		{4A64F77C-9E62-4649-8557-05586C5C90D9}.Release|Any CPU.Build.0 = Release|Any CPU
		{14B34976-DBD0-49A8-91D7-20DC76F639D8}.Debug|Any CPU.ActiveCfg = Debug|Any CPU
		{14B34976-DBD0-49A8-91D7-20DC76F639D8}.Debug|Any CPU.Build.0 = Debug|Any CPU
		{14B34976-DBD0-49A8-91D7-20DC76F639D8}.Release|Any CPU.ActiveCfg = Release|Any CPU
		{14B34976-DBD0-49A8-91D7-20DC76F639D8}.Release|Any CPU.Build.0 = Release|Any CPU
	EndGlobalSection
	GlobalSection(SolutionProperties) = preSolution
		HideSolutionNode = FALSE
	EndGlobalSection
EndGlobal
