
Microsoft Visual Studio Solution File, Format Version 12.00
# Visual Studio 15
VisualStudioVersion = 15.0.26403.3
MinimumVisualStudioVersion = 10.0.40219.1
Project("{FAE04EC0-301F-11D3-BF4B-00C04F79EFBC}") = "p01.Last3ConsecutiveEqualStrings", "p01.Last3ConsecutiveEqualStrings\p01.Last3ConsecutiveEqualStrings.csproj", "{43C47CA8-F7DA-4A40-896F-6959B6C6AB81}"
EndProject
Project("{FAE04EC0-301F-11D3-BF4B-00C04F79EFBC}") = "p02.ArrayElementsEqualTheirIndex", "p02.ArrayElementsEqualTheirIndex\p02.ArrayElementsEqualTheirIndex.csproj", "{CF69556D-57F2-4153-BBA6-CDF8F009876B}"
EndProject
Project("{FAE04EC0-301F-11D3-BF4B-00C04F79EFBC}") = "p03.Phonebook", "p03.Phonebook\p03.Phonebook.csproj", "{E64C8B7C-575E-4DCB-9A9E-7A3AF0D76EBB}"
EndProject
Project("{FAE04EC0-301F-11D3-BF4B-00C04F79EFBC}") = "p04.Phone", "p04.Phone\p04.Phone.csproj", "{AE22E2E2-47B6-45CA-B870-F5228B820A37}"
EndProject
Project("{FAE04EC0-301F-11D3-BF4B-00C04F79EFBC}") = "p05.CharRotation", "p05.CharRotation\p05.CharRotation.csproj", "{B9A4C70E-F0DD-4A86-B90F-6BC205B33DD1}"
EndProject
Project("{FAE04EC0-301F-11D3-BF4B-00C04F79EFBC}") = "p06.PowerPlants", "p06.PowerPlants\p06.PowerPlants.csproj", "{8AF0E6B3-99AA-48AE-A3C1-53A45D1EC54F}"
EndProject
Project("{FAE04EC0-301F-11D3-BF4B-00C04F79EFBC}") = "p07.ResizableArray", "p07.ResizableArray\p07.ResizableArray.csproj", "{11214383-3DD1-49A3-9A4E-F519A8243739}"
EndProject
Global
	GlobalSection(SolutionConfigurationPlatforms) = preSolution
		Debug|Any CPU = Debug|Any CPU
		Release|Any CPU = Release|Any CPU
	EndGlobalSection
	GlobalSection(ProjectConfigurationPlatforms) = postSolution
		{43C47CA8-F7DA-4A40-896F-6959B6C6AB81}.Debug|Any CPU.ActiveCfg = Debug|Any CPU
		{43C47CA8-F7DA-4A40-896F-6959B6C6AB81}.Debug|Any CPU.Build.0 = Debug|Any CPU
		{43C47CA8-F7DA-4A40-896F-6959B6C6AB81}.Release|Any CPU.ActiveCfg = Release|Any CPU
		{43C47CA8-F7DA-4A40-896F-6959B6C6AB81}.Release|Any CPU.Build.0 = Release|Any CPU
		{CF69556D-57F2-4153-BBA6-CDF8F009876B}.Debug|Any CPU.ActiveCfg = Debug|Any CPU
		{CF69556D-57F2-4153-BBA6-CDF8F009876B}.Debug|Any CPU.Build.0 = Debug|Any CPU
		{CF69556D-57F2-4153-BBA6-CDF8F009876B}.Release|Any CPU.ActiveCfg = Release|Any CPU
		{CF69556D-57F2-4153-BBA6-CDF8F009876B}.Release|Any CPU.Build.0 = Release|Any CPU
		{E64C8B7C-575E-4DCB-9A9E-7A3AF0D76EBB}.Debug|Any CPU.ActiveCfg = Debug|Any CPU
		{E64C8B7C-575E-4DCB-9A9E-7A3AF0D76EBB}.Debug|Any CPU.Build.0 = Debug|Any CPU
		{E64C8B7C-575E-4DCB-9A9E-7A3AF0D76EBB}.Release|Any CPU.ActiveCfg = Release|Any CPU
		{E64C8B7C-575E-4DCB-9A9E-7A3AF0D76EBB}.Release|Any CPU.Build.0 = Release|Any CPU
		{AE22E2E2-47B6-45CA-B870-F5228B820A37}.Debug|Any CPU.ActiveCfg = Debug|Any CPU
		{AE22E2E2-47B6-45CA-B870-F5228B820A37}.Debug|Any CPU.Build.0 = Debug|Any CPU
		{AE22E2E2-47B6-45CA-B870-F5228B820A37}.Release|Any CPU.ActiveCfg = Release|Any CPU
		{AE22E2E2-47B6-45CA-B870-F5228B820A37}.Release|Any CPU.Build.0 = Release|Any CPU
		{B9A4C70E-F0DD-4A86-B90F-6BC205B33DD1}.Debug|Any CPU.ActiveCfg = Debug|Any CPU
		{B9A4C70E-F0DD-4A86-B90F-6BC205B33DD1}.Debug|Any CPU.Build.0 = Debug|Any CPU
		{B9A4C70E-F0DD-4A86-B90F-6BC205B33DD1}.Release|Any CPU.ActiveCfg = Release|Any CPU
		{B9A4C70E-F0DD-4A86-B90F-6BC205B33DD1}.Release|Any CPU.Build.0 = Release|Any CPU
		{8AF0E6B3-99AA-48AE-A3C1-53A45D1EC54F}.Debug|Any CPU.ActiveCfg = Debug|Any CPU
		{8AF0E6B3-99AA-48AE-A3C1-53A45D1EC54F}.Debug|Any CPU.Build.0 = Debug|Any CPU
		{8AF0E6B3-99AA-48AE-A3C1-53A45D1EC54F}.Release|Any CPU.ActiveCfg = Release|Any CPU
		{8AF0E6B3-99AA-48AE-A3C1-53A45D1EC54F}.Release|Any CPU.Build.0 = Release|Any CPU
		{11214383-3DD1-49A3-9A4E-F519A8243739}.Debug|Any CPU.ActiveCfg = Debug|Any CPU
		{11214383-3DD1-49A3-9A4E-F519A8243739}.Debug|Any CPU.Build.0 = Debug|Any CPU
		{11214383-3DD1-49A3-9A4E-F519A8243739}.Release|Any CPU.ActiveCfg = Release|Any CPU
		{11214383-3DD1-49A3-9A4E-F519A8243739}.Release|Any CPU.Build.0 = Release|Any CPU
	EndGlobalSection
	GlobalSection(SolutionProperties) = preSolution
		HideSolutionNode = FALSE
	EndGlobalSection
EndGlobal
