
Microsoft Visual Studio Solution File, Format Version 12.00
# Visual Studio 15
VisualStudioVersion = 15.0.26403.3
MinimumVisualStudioVersion = 10.0.40219.1
Project("{FAE04EC0-301F-11D3-BF4B-00C04F79EFBC}") = "p01.ValueOfString", "p01.ValueOfString\p01.ValueOfString.csproj", "{20355B57-4A9A-43BE-83C2-69D537A7326B}"
EndProject
Project("{FAE04EC0-301F-11D3-BF4B-00C04F79EFBC}") = "p02.DiamondProblem", "p02.DiamondProblem\p02.DiamondProblem.csproj", "{851BD6B5-A9EF-4826-8E45-846415D9E538}"
EndProject
Global
	GlobalSection(SolutionConfigurationPlatforms) = preSolution
		Debug|Any CPU = Debug|Any CPU
		Release|Any CPU = Release|Any CPU
	EndGlobalSection
	GlobalSection(ProjectConfigurationPlatforms) = postSolution
		{20355B57-4A9A-43BE-83C2-69D537A7326B}.Debug|Any CPU.ActiveCfg = Debug|Any CPU
		{20355B57-4A9A-43BE-83C2-69D537A7326B}.Debug|Any CPU.Build.0 = Debug|Any CPU
		{20355B57-4A9A-43BE-83C2-69D537A7326B}.Release|Any CPU.ActiveCfg = Release|Any CPU
		{20355B57-4A9A-43BE-83C2-69D537A7326B}.Release|Any CPU.Build.0 = Release|Any CPU
		{851BD6B5-A9EF-4826-8E45-846415D9E538}.Debug|Any CPU.ActiveCfg = Debug|Any CPU
		{851BD6B5-A9EF-4826-8E45-846415D9E538}.Debug|Any CPU.Build.0 = Debug|Any CPU
		{851BD6B5-A9EF-4826-8E45-846415D9E538}.Release|Any CPU.ActiveCfg = Release|Any CPU
		{851BD6B5-A9EF-4826-8E45-846415D9E538}.Release|Any CPU.Build.0 = Release|Any CPU
	EndGlobalSection
	GlobalSection(SolutionProperties) = preSolution
		HideSolutionNode = FALSE
	EndGlobalSection
EndGlobal
