
Microsoft Visual Studio Solution File, Format Version 12.00
# Visual Studio 15
VisualStudioVersion = 15.0.26403.3
MinimumVisualStudioVersion = 10.0.40219.1
Project("{FAE04EC0-301F-11D3-BF4B-00C04F79EFBC}") = "p01.HelloName", "p01.HelloName\p01.HelloName.csproj", "{BE313D39-040E-4922-AE6C-8B1CADA06E9E}"
EndProject
Project("{FAE04EC0-301F-11D3-BF4B-00C04F79EFBC}") = "p02.MinMethod", "p02.MinMethod\p02.MinMethod.csproj", "{CC207FA0-AF2B-4D1E-8F08-891771508285}"
EndProject
Project("{FAE04EC0-301F-11D3-BF4B-00C04F79EFBC}") = "p03.StringRepeater", "p03.StringRepeater\p03.StringRepeater.csproj", "{350AF2C1-3025-4FC0-B57B-FFE85E849FB8}"
EndProject
Project("{FAE04EC0-301F-11D3-BF4B-00C04F79EFBC}") = "p04.NthDigit", "p04.NthDigit\p04.NthDigit.csproj", "{66FF098A-C739-44C9-B106-1C34BC629230}"
EndProject
Project("{FAE04EC0-301F-11D3-BF4B-00C04F79EFBC}") = "p05.IntegerToBase", "p05.IntegerToBase\p05.IntegerToBase.csproj", "{F1225318-1209-46BF-BF36-5F0E925E4058}"
EndProject
Project("{FAE04EC0-301F-11D3-BF4B-00C04F79EFBC}") = "p06.Notifications", "p06.Notifications\p06.Notifications.csproj", "{F8033634-9B88-4331-9A68-B3229E26C210}"
EndProject
Project("{FAE04EC0-301F-11D3-BF4B-00C04F79EFBC}") = "p09.LargestElementArray", "p09.LargestElementArray\p09.LargestElementArray.csproj", "{920D151C-4F9D-44AA-86CB-4EF587315A00}"
EndProject
Project("{FAE04EC0-301F-11D3-BF4B-00C04F79EFBC}") = "p10. CountOfNegativeElements", "p10. CountOfNegativeElements\p10. CountOfNegativeElements.csproj", "{594AD009-6F25-4565-9C6C-1B6CF38C858A}"
EndProject
Project("{FAE04EC0-301F-11D3-BF4B-00C04F79EFBC}") = "p11.CountGivenElement", "p11.CountGivenElement\p11.CountGivenElement.csproj", "{7C25C01C-4628-48D0-B1E2-C36D72E8722A}"
EndProject
Project("{FAE04EC0-301F-11D3-BF4B-00C04F79EFBC}") = "p12.CountOccurrencesLargerNumbers", "p12.CountOccurrencesLargerNumbers\p12.CountOccurrencesLargerNumbers.csproj", "{9AF4CC99-65CB-4CBA-95F3-177B81C5CB8E}"
EndProject
Project("{FAE04EC0-301F-11D3-BF4B-00C04F79EFBC}") = "p13.IncreasingSequenceElements", "p13.IncreasingSequenceElements\p13.IncreasingSequenceElements.csproj", "{11D33E00-745B-484B-9057-9646EDAE17BD}"
EndProject
Project("{FAE04EC0-301F-11D3-BF4B-00C04F79EFBC}") = "p14.EqualSequenceOfElements", "p4.EqualSequenceOfElements\p14.EqualSequenceOfElements.csproj", "{70E629CA-B900-4282-A449-33CDC6EA4B5B}"
EndProject
Project("{FAE04EC0-301F-11D3-BF4B-00C04F79EFBC}") = "p15.CountCapitalLetters", "p15. Count of Capital Letters\p15.CountCapitalLetters.csproj", "{B8FF315A-5D63-474E-8C42-82456769AC72}"
EndProject
Project("{FAE04EC0-301F-11D3-BF4B-00C04F79EFBC}") = "p16.ArraySymmetry", "p16.ArraySymmetry\p16.ArraySymmetry.csproj", "{19167C37-500A-4626-94B7-2D54246C9736}"
EndProject
Project("{FAE04EC0-301F-11D3-BF4B-00C04F79EFBC}") = "p17.Altitude", "p17.Altitude\p17.Altitude.csproj", "{E4A22A83-CDDC-4272-9723-ED83B82D5DF7}"
EndProject
Project("{FAE04EC0-301F-11D3-BF4B-00C04F79EFBC}") = "p18.BallisticsTraining", "p18.BallisticsTraining\p18.BallisticsTraining.csproj", "{9B2F5ABF-15E2-4B7D-A531-0F4AD0AE5FBE}"
EndProject
Project("{FAE04EC0-301F-11D3-BF4B-00C04F79EFBC}") = "ConsoleApp1", "ConsoleApp1\ConsoleApp1.csproj", "{915C4723-D45B-413E-9EC1-42E33EA4B999}"
EndProject
Project("{FAE04EC0-301F-11D3-BF4B-00C04F79EFBC}") = "p19.DebuggingTrickyStrings", "p19.DebuggingTrickyStrings\p19.DebuggingTrickyStrings.csproj", "{EAF519E8-B96D-40C8-AD25-7F459DB9663A}"
EndProject
Project("{FAE04EC0-301F-11D3-BF4B-00C04F79EFBC}") = "p20.TriangleFormations", "p20.TriangleFormations\p20.TriangleFormations.csproj", "{0EAD0B04-E42C-40F8-B20A-431674820E2E}"
EndProject
Project("{FAE04EC0-301F-11D3-BF4B-00C04F79EFBC}") = "p21.Tetris", "p21.Tetris\p21.Tetris.csproj", "{D2E40376-7F16-4170-B514-52E26CB81AA8}"
EndProject
Project("{FAE04EC0-301F-11D3-BF4B-00C04F79EFBC}") = "p22.MiningCoins", "p22.MiningCoins\p22.MiningCoins.csproj", "{2D95493E-5015-4B0B-BDAC-79B9799DDC16}"
EndProject
Project("{FAE04EC0-301F-11D3-BF4B-00C04F79EFBC}") = "p07. NumbersToWords", "p07. NumbersToWords\p07. NumbersToWords.csproj", "{58553474-F356-4651-ADEC-09DFE8FE8BAE}"
EndProject
Project("{FAE04EC0-301F-11D3-BF4B-00C04F79EFBC}") = "p08.StringEncryption", "п08.StringEncryption\p08.StringEncryption.csproj", "{91E10EC4-4931-4950-A9E9-7C1C33CABE80}"
EndProject
Global
	GlobalSection(SolutionConfigurationPlatforms) = preSolution
		Debug|Any CPU = Debug|Any CPU
		Release|Any CPU = Release|Any CPU
	EndGlobalSection
	GlobalSection(ProjectConfigurationPlatforms) = postSolution
		{BE313D39-040E-4922-AE6C-8B1CADA06E9E}.Debug|Any CPU.ActiveCfg = Debug|Any CPU
		{BE313D39-040E-4922-AE6C-8B1CADA06E9E}.Debug|Any CPU.Build.0 = Debug|Any CPU
		{BE313D39-040E-4922-AE6C-8B1CADA06E9E}.Release|Any CPU.ActiveCfg = Release|Any CPU
		{BE313D39-040E-4922-AE6C-8B1CADA06E9E}.Release|Any CPU.Build.0 = Release|Any CPU
		{CC207FA0-AF2B-4D1E-8F08-891771508285}.Debug|Any CPU.ActiveCfg = Debug|Any CPU
		{CC207FA0-AF2B-4D1E-8F08-891771508285}.Debug|Any CPU.Build.0 = Debug|Any CPU
		{CC207FA0-AF2B-4D1E-8F08-891771508285}.Release|Any CPU.ActiveCfg = Release|Any CPU
		{CC207FA0-AF2B-4D1E-8F08-891771508285}.Release|Any CPU.Build.0 = Release|Any CPU
		{350AF2C1-3025-4FC0-B57B-FFE85E849FB8}.Debug|Any CPU.ActiveCfg = Debug|Any CPU
		{350AF2C1-3025-4FC0-B57B-FFE85E849FB8}.Debug|Any CPU.Build.0 = Debug|Any CPU
		{350AF2C1-3025-4FC0-B57B-FFE85E849FB8}.Release|Any CPU.ActiveCfg = Release|Any CPU
		{350AF2C1-3025-4FC0-B57B-FFE85E849FB8}.Release|Any CPU.Build.0 = Release|Any CPU
		{66FF098A-C739-44C9-B106-1C34BC629230}.Debug|Any CPU.ActiveCfg = Debug|Any CPU
		{66FF098A-C739-44C9-B106-1C34BC629230}.Debug|Any CPU.Build.0 = Debug|Any CPU
		{66FF098A-C739-44C9-B106-1C34BC629230}.Release|Any CPU.ActiveCfg = Release|Any CPU
		{66FF098A-C739-44C9-B106-1C34BC629230}.Release|Any CPU.Build.0 = Release|Any CPU
		{F1225318-1209-46BF-BF36-5F0E925E4058}.Debug|Any CPU.ActiveCfg = Debug|Any CPU
		{F1225318-1209-46BF-BF36-5F0E925E4058}.Debug|Any CPU.Build.0 = Debug|Any CPU
		{F1225318-1209-46BF-BF36-5F0E925E4058}.Release|Any CPU.ActiveCfg = Release|Any CPU
		{F1225318-1209-46BF-BF36-5F0E925E4058}.Release|Any CPU.Build.0 = Release|Any CPU
		{F8033634-9B88-4331-9A68-B3229E26C210}.Debug|Any CPU.ActiveCfg = Debug|Any CPU
		{F8033634-9B88-4331-9A68-B3229E26C210}.Debug|Any CPU.Build.0 = Debug|Any CPU
		{F8033634-9B88-4331-9A68-B3229E26C210}.Release|Any CPU.ActiveCfg = Release|Any CPU
		{F8033634-9B88-4331-9A68-B3229E26C210}.Release|Any CPU.Build.0 = Release|Any CPU
		{920D151C-4F9D-44AA-86CB-4EF587315A00}.Debug|Any CPU.ActiveCfg = Debug|Any CPU
		{920D151C-4F9D-44AA-86CB-4EF587315A00}.Debug|Any CPU.Build.0 = Debug|Any CPU
		{920D151C-4F9D-44AA-86CB-4EF587315A00}.Release|Any CPU.ActiveCfg = Release|Any CPU
		{920D151C-4F9D-44AA-86CB-4EF587315A00}.Release|Any CPU.Build.0 = Release|Any CPU
		{594AD009-6F25-4565-9C6C-1B6CF38C858A}.Debug|Any CPU.ActiveCfg = Debug|Any CPU
		{594AD009-6F25-4565-9C6C-1B6CF38C858A}.Debug|Any CPU.Build.0 = Debug|Any CPU
		{594AD009-6F25-4565-9C6C-1B6CF38C858A}.Release|Any CPU.ActiveCfg = Release|Any CPU
		{594AD009-6F25-4565-9C6C-1B6CF38C858A}.Release|Any CPU.Build.0 = Release|Any CPU
		{7C25C01C-4628-48D0-B1E2-C36D72E8722A}.Debug|Any CPU.ActiveCfg = Debug|Any CPU
		{7C25C01C-4628-48D0-B1E2-C36D72E8722A}.Debug|Any CPU.Build.0 = Debug|Any CPU
		{7C25C01C-4628-48D0-B1E2-C36D72E8722A}.Release|Any CPU.ActiveCfg = Release|Any CPU
		{7C25C01C-4628-48D0-B1E2-C36D72E8722A}.Release|Any CPU.Build.0 = Release|Any CPU
		{9AF4CC99-65CB-4CBA-95F3-177B81C5CB8E}.Debug|Any CPU.ActiveCfg = Debug|Any CPU
		{9AF4CC99-65CB-4CBA-95F3-177B81C5CB8E}.Debug|Any CPU.Build.0 = Debug|Any CPU
		{9AF4CC99-65CB-4CBA-95F3-177B81C5CB8E}.Release|Any CPU.ActiveCfg = Release|Any CPU
		{9AF4CC99-65CB-4CBA-95F3-177B81C5CB8E}.Release|Any CPU.Build.0 = Release|Any CPU
		{11D33E00-745B-484B-9057-9646EDAE17BD}.Debug|Any CPU.ActiveCfg = Debug|Any CPU
		{11D33E00-745B-484B-9057-9646EDAE17BD}.Debug|Any CPU.Build.0 = Debug|Any CPU
		{11D33E00-745B-484B-9057-9646EDAE17BD}.Release|Any CPU.ActiveCfg = Release|Any CPU
		{11D33E00-745B-484B-9057-9646EDAE17BD}.Release|Any CPU.Build.0 = Release|Any CPU
		{70E629CA-B900-4282-A449-33CDC6EA4B5B}.Debug|Any CPU.ActiveCfg = Debug|Any CPU
		{70E629CA-B900-4282-A449-33CDC6EA4B5B}.Debug|Any CPU.Build.0 = Debug|Any CPU
		{70E629CA-B900-4282-A449-33CDC6EA4B5B}.Release|Any CPU.ActiveCfg = Release|Any CPU
		{70E629CA-B900-4282-A449-33CDC6EA4B5B}.Release|Any CPU.Build.0 = Release|Any CPU
		{B8FF315A-5D63-474E-8C42-82456769AC72}.Debug|Any CPU.ActiveCfg = Debug|Any CPU
		{B8FF315A-5D63-474E-8C42-82456769AC72}.Debug|Any CPU.Build.0 = Debug|Any CPU
		{B8FF315A-5D63-474E-8C42-82456769AC72}.Release|Any CPU.ActiveCfg = Release|Any CPU
		{B8FF315A-5D63-474E-8C42-82456769AC72}.Release|Any CPU.Build.0 = Release|Any CPU
		{19167C37-500A-4626-94B7-2D54246C9736}.Debug|Any CPU.ActiveCfg = Debug|Any CPU
		{19167C37-500A-4626-94B7-2D54246C9736}.Debug|Any CPU.Build.0 = Debug|Any CPU
		{19167C37-500A-4626-94B7-2D54246C9736}.Release|Any CPU.ActiveCfg = Release|Any CPU
		{19167C37-500A-4626-94B7-2D54246C9736}.Release|Any CPU.Build.0 = Release|Any CPU
		{E4A22A83-CDDC-4272-9723-ED83B82D5DF7}.Debug|Any CPU.ActiveCfg = Debug|Any CPU
		{E4A22A83-CDDC-4272-9723-ED83B82D5DF7}.Debug|Any CPU.Build.0 = Debug|Any CPU
		{E4A22A83-CDDC-4272-9723-ED83B82D5DF7}.Release|Any CPU.ActiveCfg = Release|Any CPU
		{E4A22A83-CDDC-4272-9723-ED83B82D5DF7}.Release|Any CPU.Build.0 = Release|Any CPU
		{9B2F5ABF-15E2-4B7D-A531-0F4AD0AE5FBE}.Debug|Any CPU.ActiveCfg = Debug|Any CPU
		{9B2F5ABF-15E2-4B7D-A531-0F4AD0AE5FBE}.Debug|Any CPU.Build.0 = Debug|Any CPU
		{9B2F5ABF-15E2-4B7D-A531-0F4AD0AE5FBE}.Release|Any CPU.ActiveCfg = Release|Any CPU
		{9B2F5ABF-15E2-4B7D-A531-0F4AD0AE5FBE}.Release|Any CPU.Build.0 = Release|Any CPU
		{915C4723-D45B-413E-9EC1-42E33EA4B999}.Debug|Any CPU.ActiveCfg = Debug|Any CPU
		{915C4723-D45B-413E-9EC1-42E33EA4B999}.Debug|Any CPU.Build.0 = Debug|Any CPU
		{915C4723-D45B-413E-9EC1-42E33EA4B999}.Release|Any CPU.ActiveCfg = Release|Any CPU
		{915C4723-D45B-413E-9EC1-42E33EA4B999}.Release|Any CPU.Build.0 = Release|Any CPU
		{EAF519E8-B96D-40C8-AD25-7F459DB9663A}.Debug|Any CPU.ActiveCfg = Debug|Any CPU
		{EAF519E8-B96D-40C8-AD25-7F459DB9663A}.Debug|Any CPU.Build.0 = Debug|Any CPU
		{EAF519E8-B96D-40C8-AD25-7F459DB9663A}.Release|Any CPU.ActiveCfg = Release|Any CPU
		{EAF519E8-B96D-40C8-AD25-7F459DB9663A}.Release|Any CPU.Build.0 = Release|Any CPU
		{0EAD0B04-E42C-40F8-B20A-431674820E2E}.Debug|Any CPU.ActiveCfg = Debug|Any CPU
		{0EAD0B04-E42C-40F8-B20A-431674820E2E}.Debug|Any CPU.Build.0 = Debug|Any CPU
		{0EAD0B04-E42C-40F8-B20A-431674820E2E}.Release|Any CPU.ActiveCfg = Release|Any CPU
		{0EAD0B04-E42C-40F8-B20A-431674820E2E}.Release|Any CPU.Build.0 = Release|Any CPU
		{D2E40376-7F16-4170-B514-52E26CB81AA8}.Debug|Any CPU.ActiveCfg = Debug|Any CPU
		{D2E40376-7F16-4170-B514-52E26CB81AA8}.Debug|Any CPU.Build.0 = Debug|Any CPU
		{D2E40376-7F16-4170-B514-52E26CB81AA8}.Release|Any CPU.ActiveCfg = Release|Any CPU
		{D2E40376-7F16-4170-B514-52E26CB81AA8}.Release|Any CPU.Build.0 = Release|Any CPU
		{2D95493E-5015-4B0B-BDAC-79B9799DDC16}.Debug|Any CPU.ActiveCfg = Debug|Any CPU
		{2D95493E-5015-4B0B-BDAC-79B9799DDC16}.Debug|Any CPU.Build.0 = Debug|Any CPU
		{2D95493E-5015-4B0B-BDAC-79B9799DDC16}.Release|Any CPU.ActiveCfg = Release|Any CPU
		{2D95493E-5015-4B0B-BDAC-79B9799DDC16}.Release|Any CPU.Build.0 = Release|Any CPU
		{58553474-F356-4651-ADEC-09DFE8FE8BAE}.Debug|Any CPU.ActiveCfg = Debug|Any CPU
		{58553474-F356-4651-ADEC-09DFE8FE8BAE}.Debug|Any CPU.Build.0 = Debug|Any CPU
		{58553474-F356-4651-ADEC-09DFE8FE8BAE}.Release|Any CPU.ActiveCfg = Release|Any CPU
		{58553474-F356-4651-ADEC-09DFE8FE8BAE}.Release|Any CPU.Build.0 = Release|Any CPU
		{91E10EC4-4931-4950-A9E9-7C1C33CABE80}.Debug|Any CPU.ActiveCfg = Debug|Any CPU
		{91E10EC4-4931-4950-A9E9-7C1C33CABE80}.Debug|Any CPU.Build.0 = Debug|Any CPU
		{91E10EC4-4931-4950-A9E9-7C1C33CABE80}.Release|Any CPU.ActiveCfg = Release|Any CPU
		{91E10EC4-4931-4950-A9E9-7C1C33CABE80}.Release|Any CPU.Build.0 = Release|Any CPU
	EndGlobalSection
	GlobalSection(SolutionProperties) = preSolution
		HideSolutionNode = FALSE
	EndGlobalSection
EndGlobal
