
Microsoft Visual Studio Solution File, Format Version 12.00
# Visual Studio 15
VisualStudioVersion = 15.0.26403.3
MinimumVisualStudioVersion = 10.0.40219.1
Project("{FAE04EC0-301F-11D3-BF4B-00C04F79EFBC}") = "p01.RabbitHole", "p01.RabbitHole\p01.RabbitHole.csproj", "{57646713-0FF4-451E-9E05-9500C5F7F572}"
EndProject
Project("{FAE04EC0-301F-11D3-BF4B-00C04F79EFBC}") = "Test", "Test\Test.csproj", "{F7579EA6-1308-4BFC-A6B6-3E70DF064639}"
EndProject
Project("{FAE04EC0-301F-11D3-BF4B-00C04F79EFBC}") = "p02.BinarySearch", "p02.BinarySearch\p02.BinarySearch.csproj", "{2365131A-CE0F-478E-9319-22747365A9B2}"
EndProject
Global
	GlobalSection(SolutionConfigurationPlatforms) = preSolution
		Debug|Any CPU = Debug|Any CPU
		Release|Any CPU = Release|Any CPU
	EndGlobalSection
	GlobalSection(ProjectConfigurationPlatforms) = postSolution
		{57646713-0FF4-451E-9E05-9500C5F7F572}.Debug|Any CPU.ActiveCfg = Debug|Any CPU
		{57646713-0FF4-451E-9E05-9500C5F7F572}.Debug|Any CPU.Build.0 = Debug|Any CPU
		{57646713-0FF4-451E-9E05-9500C5F7F572}.Release|Any CPU.ActiveCfg = Release|Any CPU
		{57646713-0FF4-451E-9E05-9500C5F7F572}.Release|Any CPU.Build.0 = Release|Any CPU
		{F7579EA6-1308-4BFC-A6B6-3E70DF064639}.Debug|Any CPU.ActiveCfg = Debug|Any CPU
		{F7579EA6-1308-4BFC-A6B6-3E70DF064639}.Debug|Any CPU.Build.0 = Debug|Any CPU
		{F7579EA6-1308-4BFC-A6B6-3E70DF064639}.Release|Any CPU.ActiveCfg = Release|Any CPU
		{F7579EA6-1308-4BFC-A6B6-3E70DF064639}.Release|Any CPU.Build.0 = Release|Any CPU
		{2365131A-CE0F-478E-9319-22747365A9B2}.Debug|Any CPU.ActiveCfg = Debug|Any CPU
		{2365131A-CE0F-478E-9319-22747365A9B2}.Debug|Any CPU.Build.0 = Debug|Any CPU
		{2365131A-CE0F-478E-9319-22747365A9B2}.Release|Any CPU.ActiveCfg = Release|Any CPU
		{2365131A-CE0F-478E-9319-22747365A9B2}.Release|Any CPU.Build.0 = Release|Any CPU
	EndGlobalSection
	GlobalSection(SolutionProperties) = preSolution
		HideSolutionNode = FALSE
	EndGlobalSection
EndGlobal
