
Microsoft Visual Studio Solution File, Format Version 12.00
# Visual Studio 15
VisualStudioVersion = 15.0.26403.3
MinimumVisualStudioVersion = 10.0.40219.1
Project("{FAE04EC0-301F-11D3-BF4B-00C04F79EFBC}") = "p01.DayOfWeek", "p01.DayOfWeek\p01.DayOfWeek.csproj", "{17B6D133-BDAD-4DF8-A9A9-C69688A0208A}"
EndProject
Project("{FAE04EC0-301F-11D3-BF4B-00C04F79EFBC}") = "p02.RandomizeWords", "p02.RandomizeWords\p02.RandomizeWords.csproj", "{6DC31B22-7E67-4AB7-8AEA-CD569350EB0A}"
EndProject
Project("{FAE04EC0-301F-11D3-BF4B-00C04F79EFBC}") = "p04.DistancePoints", "p04.DistancePoints\p04.DistancePoints.csproj", "{AEEA6EA4-C457-42E9-8C79-B25AF6FE6740}"
EndProject
Global
	GlobalSection(SolutionConfigurationPlatforms) = preSolution
		Debug|Any CPU = Debug|Any CPU
		Release|Any CPU = Release|Any CPU
	EndGlobalSection
	GlobalSection(ProjectConfigurationPlatforms) = postSolution
		{17B6D133-BDAD-4DF8-A9A9-C69688A0208A}.Debug|Any CPU.ActiveCfg = Debug|Any CPU
		{17B6D133-BDAD-4DF8-A9A9-C69688A0208A}.Debug|Any CPU.Build.0 = Debug|Any CPU
		{17B6D133-BDAD-4DF8-A9A9-C69688A0208A}.Release|Any CPU.ActiveCfg = Release|Any CPU
		{17B6D133-BDAD-4DF8-A9A9-C69688A0208A}.Release|Any CPU.Build.0 = Release|Any CPU
		{6DC31B22-7E67-4AB7-8AEA-CD569350EB0A}.Debug|Any CPU.ActiveCfg = Debug|Any CPU
		{6DC31B22-7E67-4AB7-8AEA-CD569350EB0A}.Debug|Any CPU.Build.0 = Debug|Any CPU
		{6DC31B22-7E67-4AB7-8AEA-CD569350EB0A}.Release|Any CPU.ActiveCfg = Release|Any CPU
		{6DC31B22-7E67-4AB7-8AEA-CD569350EB0A}.Release|Any CPU.Build.0 = Release|Any CPU
		{AEEA6EA4-C457-42E9-8C79-B25AF6FE6740}.Debug|Any CPU.ActiveCfg = Debug|Any CPU
		{AEEA6EA4-C457-42E9-8C79-B25AF6FE6740}.Debug|Any CPU.Build.0 = Debug|Any CPU
		{AEEA6EA4-C457-42E9-8C79-B25AF6FE6740}.Release|Any CPU.ActiveCfg = Release|Any CPU
		{AEEA6EA4-C457-42E9-8C79-B25AF6FE6740}.Release|Any CPU.Build.0 = Release|Any CPU
	EndGlobalSection
	GlobalSection(SolutionProperties) = preSolution
		HideSolutionNode = FALSE
	EndGlobalSection
EndGlobal
