
Microsoft Visual Studio Solution File, Format Version 12.00
# Visual Studio 15
VisualStudioVersion = 15.0.26403.3
MinimumVisualStudioVersion = 10.0.40219.1
Project("{FAE04EC0-301F-11D3-BF4B-00C04F79EFBC}") = "p01.RemoveNegativesReverse", "p01.RemoveNegativesReverse\p01.RemoveNegativesReverse.csproj", "{ABF83483-6322-497A-9E31-5893BD4EC3A4}"
EndProject
Project("{FAE04EC0-301F-11D3-BF4B-00C04F79EFBC}") = "p02.AppendLists", "p02.AppendLists\p02.AppendLists.csproj", "{BFE6385A-C783-40AA-BF5C-AB5A40F36104}"
EndProject
Project("{FAE04EC0-301F-11D3-BF4B-00C04F79EFBC}") = "p04.SplitWordCasing", "p04.SplitWordCasing\p04.SplitWordCasing.csproj", "{2EECB0FE-86AF-4B63-9EA1-A7DDED29E1B5}"
EndProject
Global
	GlobalSection(SolutionConfigurationPlatforms) = preSolution
		Debug|Any CPU = Debug|Any CPU
		Release|Any CPU = Release|Any CPU
	EndGlobalSection
	GlobalSection(ProjectConfigurationPlatforms) = postSolution
		{ABF83483-6322-497A-9E31-5893BD4EC3A4}.Debug|Any CPU.ActiveCfg = Debug|Any CPU
		{ABF83483-6322-497A-9E31-5893BD4EC3A4}.Debug|Any CPU.Build.0 = Debug|Any CPU
		{ABF83483-6322-497A-9E31-5893BD4EC3A4}.Release|Any CPU.ActiveCfg = Release|Any CPU
		{ABF83483-6322-497A-9E31-5893BD4EC3A4}.Release|Any CPU.Build.0 = Release|Any CPU
		{BFE6385A-C783-40AA-BF5C-AB5A40F36104}.Debug|Any CPU.ActiveCfg = Debug|Any CPU
		{BFE6385A-C783-40AA-BF5C-AB5A40F36104}.Debug|Any CPU.Build.0 = Debug|Any CPU
		{BFE6385A-C783-40AA-BF5C-AB5A40F36104}.Release|Any CPU.ActiveCfg = Release|Any CPU
		{BFE6385A-C783-40AA-BF5C-AB5A40F36104}.Release|Any CPU.Build.0 = Release|Any CPU
		{2EECB0FE-86AF-4B63-9EA1-A7DDED29E1B5}.Debug|Any CPU.ActiveCfg = Debug|Any CPU
		{2EECB0FE-86AF-4B63-9EA1-A7DDED29E1B5}.Debug|Any CPU.Build.0 = Debug|Any CPU
		{2EECB0FE-86AF-4B63-9EA1-A7DDED29E1B5}.Release|Any CPU.ActiveCfg = Release|Any CPU
		{2EECB0FE-86AF-4B63-9EA1-A7DDED29E1B5}.Release|Any CPU.Build.0 = Release|Any CPU
	EndGlobalSection
	GlobalSection(SolutionProperties) = preSolution
		HideSolutionNode = FALSE
	EndGlobalSection
EndGlobal
