
Microsoft Visual Studio Solution File, Format Version 12.00
# Visual Studio 15
VisualStudioVersion = 15.0.26403.3
MinimumVisualStudioVersion = 10.0.40219.1
Project("{FAE04EC0-301F-11D3-BF4B-00C04F79EFBC}") = "p01.ReverseString", "p01.ReverseString\p01.ReverseString.csproj", "{AE54A872-1F54-45F0-BD48-71939605EE57}"
EndProject
Project("{FAE04EC0-301F-11D3-BF4B-00C04F79EFBC}") = "p02.CountSubstringOccurrences", "p02.CountSubstringOccurrences\p02.CountSubstringOccurrences.csproj", "{2C9463D5-866E-48B5-8724-70F02A69AD20}"
EndProject
Global
	GlobalSection(SolutionConfigurationPlatforms) = preSolution
		Debug|Any CPU = Debug|Any CPU
		Release|Any CPU = Release|Any CPU
	EndGlobalSection
	GlobalSection(ProjectConfigurationPlatforms) = postSolution
		{AE54A872-1F54-45F0-BD48-71939605EE57}.Debug|Any CPU.ActiveCfg = Debug|Any CPU
		{AE54A872-1F54-45F0-BD48-71939605EE57}.Debug|Any CPU.Build.0 = Debug|Any CPU
		{AE54A872-1F54-45F0-BD48-71939605EE57}.Release|Any CPU.ActiveCfg = Release|Any CPU
		{AE54A872-1F54-45F0-BD48-71939605EE57}.Release|Any CPU.Build.0 = Release|Any CPU
		{2C9463D5-866E-48B5-8724-70F02A69AD20}.Debug|Any CPU.ActiveCfg = Debug|Any CPU
		{2C9463D5-866E-48B5-8724-70F02A69AD20}.Debug|Any CPU.Build.0 = Debug|Any CPU
		{2C9463D5-866E-48B5-8724-70F02A69AD20}.Release|Any CPU.ActiveCfg = Release|Any CPU
		{2C9463D5-866E-48B5-8724-70F02A69AD20}.Release|Any CPU.Build.0 = Release|Any CPU
	EndGlobalSection
	GlobalSection(SolutionProperties) = preSolution
		HideSolutionNode = FALSE
	EndGlobalSection
EndGlobal
